Microsoft Visual Studio Solution File, Format Version 12.00
# Visual Studio Version 17
VisualStudioVersion = 17.9.34701.34
MinimumVisualStudioVersion = 10.0.40219.1
Project("{F184B08F-C81C-45F6-A57F-5ABD9991F28F}") = "Knight.vb", "Knight.vb\Knight.vb.vbproj", "{1CAE76EC-BB96-4149-AEC0-17639F78A26E}"
EndProject
Project("{9A19103F-16F7-4668-BE54-9A1E7A4F7556}") = "Knight", "Knight\Knight.csproj", "{90B18581-7EF9-4A55-8701-C3D5A251DB73}"
EndProject
Project("{9A19103F-16F7-4668-BE54-9A1E7A4F7556}") = "MZZT.WinApi", "MZZT.WinApi\MZZT.WinApi.csproj", "{B8C1D550-6048-45E3-A1EF-4CFB817324DA}"
EndProject
Project("{9A19103F-16F7-4668-BE54-9A1E7A4F7556}") = "MZZT.Input", "MZZT.Input\MZZT.Input.csproj", "{9707AFAB-64B1-4113-B762-31AC7F373486}"
EndProject
Project("{9A19103F-16F7-4668-BE54-9A1E7A4F7556}") = "MZZT.Input.ProgramArguments", "MZZT.Input.ProgramArguments\MZZT.Input.ProgramArguments.csproj", "{0EFC60EB-351D-4511-A30F-ABD8795DC582}"
EndProject
Project("{9A19103F-16F7-4668-BE54-9A1E7A4F7556}") = "MZZT.Windows", "MZZT.Windows\MZZT.Windows.csproj", "{E93FE9E4-2B6B-47C5-B662-2DCAE0DAC8FD}"
EndProject
Project("{9A19103F-16F7-4668-BE54-9A1E7A4F7556}") = "MZZT.Settings", "MZZT.Settings\MZZT.Settings.csproj", "{1FD6D501-AF1D-491A-99F3-A3236D921F09}"
EndProject
Project("{9A19103F-16F7-4668-BE54-9A1E7A4F7556}") = "MZZT.Updates", "MZZT.Updates\MZZT.Updates.csproj", "{084106D7-8538-4F29-BDC9-FE23F367BFCF}"
EndProject
Project("{9A19103F-16F7-4668-BE54-9A1E7A4F7556}") = "MZZT.About", "MZZT.About\MZZT.About.csproj", "{429C54EE-16C4-409F-B1F6-2615F3CB3A2B}"
EndProject
Project("{9A19103F-16F7-4668-BE54-9A1E7A4F7556}") = "MZZT.FileFormats.Ini", "MZZT.FileFormats.Ini\MZZT.FileFormats.Ini.csproj", "{03FAA370-D908-4B25-86EA-C5C9E707ECC7}"
EndProject
Project("{9A19103F-16F7-4668-BE54-9A1E7A4F7556}") = "MZZT.FileFormats.Base", "MZZT.FileFormats.Base\MZZT.FileFormats.Base.csproj", "{DDA1CF75-821F-4481-8DCE-B7FCACF58946}"
EndProject
Project("{9A19103F-16F7-4668-BE54-9A1E7A4F7556}") = "MZZT.JediKnight.FileFormats", "MZZT.JediKnight.FileFormats\MZZT.JediKnight.FileFormats.csproj", "{BCDC08D2-B23E-409F-943F-352295BFF133}"
EndProject
Project("{9A19103F-16F7-4668-BE54-9A1E7A4F7556}") = "MZZT.Steam", "MZZT.Steam\MZZT.Steam.csproj", "{9980723A-8B9C-4953-A260-2C31CB145BE2}"
EndProject
Project("{9A19103F-16F7-4668-BE54-9A1E7A4F7556}") = "MZZT.Drawing", "MZZT.Drawing\MZZT.Drawing.csproj", "{D44577F2-E3CF-44E7-9D54-270649A08B51}"
EndProject
Global
	GlobalSection(SolutionConfigurationPlatforms) = preSolution
		Debug|Any CPU = Debug|Any CPU
		IL2CPP|Any CPU = IL2CPP|Any CPU
		Release|Any CPU = Release|Any CPU
	EndGlobalSection
	GlobalSection(ProjectConfigurationPlatforms) = postSolution
		{1CAE76EC-BB96-4149-AEC0-17639F78A26E}.Debug|Any CPU.ActiveCfg = Debug|Any CPU
		{1CAE76EC-BB96-4149-AEC0-17639F78A26E}.Debug|Any CPU.Build.0 = Debug|Any CPU
		{1CAE76EC-BB96-4149-AEC0-17639F78A26E}.IL2CPP|Any CPU.ActiveCfg = Release|Any CPU
		{1CAE76EC-BB96-4149-AEC0-17639F78A26E}.Release|Any CPU.ActiveCfg = Release|Any CPU
		{1CAE76EC-BB96-4149-AEC0-17639F78A26E}.Release|Any CPU.Build.0 = Release|Any CPU
		{90B18581-7EF9-4A55-8701-C3D5A251DB73}.Debug|Any CPU.ActiveCfg = Debug|Any CPU
		{90B18581-7EF9-4A55-8701-C3D5A251DB73}.Debug|Any CPU.Build.0 = Debug|Any CPU
		{90B18581-7EF9-4A55-8701-C3D5A251DB73}.IL2CPP|Any CPU.ActiveCfg = Release|Any CPU
		{90B18581-7EF9-4A55-8701-C3D5A251DB73}.IL2CPP|Any CPU.Build.0 = Release|Any CPU
		{90B18581-7EF9-4A55-8701-C3D5A251DB73}.Release|Any CPU.ActiveCfg = Release|Any CPU
		{90B18581-7EF9-4A55-8701-C3D5A251DB73}.Release|Any CPU.Build.0 = Release|Any CPU
		{B8C1D550-6048-45E3-A1EF-4CFB817324DA}.Debug|Any CPU.ActiveCfg = Debug|Any CPU
		{B8C1D550-6048-45E3-A1EF-4CFB817324DA}.Debug|Any CPU.Build.0 = Debug|Any CPU
		{B8C1D550-6048-45E3-A1EF-4CFB817324DA}.IL2CPP|Any CPU.ActiveCfg = Release|Any CPU
		{B8C1D550-6048-45E3-A1EF-4CFB817324DA}.IL2CPP|Any CPU.Build.0 = Release|Any CPU
		{B8C1D550-6048-45E3-A1EF-4CFB817324DA}.Release|Any CPU.ActiveCfg = Release|Any CPU
		{B8C1D550-6048-45E3-A1EF-4CFB817324DA}.Release|Any CPU.Build.0 = Release|Any CPU
		{9707AFAB-64B1-4113-B762-31AC7F373486}.Debug|Any CPU.ActiveCfg = Debug|Any CPU
		{9707AFAB-64B1-4113-B762-31AC7F373486}.Debug|Any CPU.Build.0 = Debug|Any CPU
		{9707AFAB-64B1-4113-B762-31AC7F373486}.IL2CPP|Any CPU.ActiveCfg = Release|Any CPU
		{9707AFAB-64B1-4113-B762-31AC7F373486}.IL2CPP|Any CPU.Build.0 = Release|Any CPU
		{9707AFAB-64B1-4113-B762-31AC7F373486}.Release|Any CPU.ActiveCfg = Release|Any CPU
		{9707AFAB-64B1-4113-B762-31AC7F373486}.Release|Any CPU.Build.0 = Release|Any CPU
		{0EFC60EB-351D-4511-A30F-ABD8795DC582}.Debug|Any CPU.ActiveCfg = Debug|Any CPU
		{0EFC60EB-351D-4511-A30F-ABD8795DC582}.Debug|Any CPU.Build.0 = Debug|Any CPU
		{0EFC60EB-351D-4511-A30F-ABD8795DC582}.IL2CPP|Any CPU.ActiveCfg = Release|Any CPU
		{0EFC60EB-351D-4511-A30F-ABD8795DC582}.IL2CPP|Any CPU.Build.0 = Release|Any CPU
		{0EFC60EB-351D-4511-A30F-ABD8795DC582}.Release|Any CPU.ActiveCfg = Release|Any CPU
		{0EFC60EB-351D-4511-A30F-ABD8795DC582}.Release|Any CPU.Build.0 = Release|Any CPU
		{E93FE9E4-2B6B-47C5-B662-2DCAE0DAC8FD}.Debug|Any CPU.ActiveCfg = Debug|Any CPU
		{E93FE9E4-2B6B-47C5-B662-2DCAE0DAC8FD}.Debug|Any CPU.Build.0 = Debug|Any CPU
		{E93FE9E4-2B6B-47C5-B662-2DCAE0DAC8FD}.IL2CPP|Any CPU.ActiveCfg = Release|Any CPU
		{E93FE9E4-2B6B-47C5-B662-2DCAE0DAC8FD}.IL2CPP|Any CPU.Build.0 = Release|Any CPU
		{E93FE9E4-2B6B-47C5-B662-2DCAE0DAC8FD}.Release|Any CPU.ActiveCfg = Release|Any CPU
		{E93FE9E4-2B6B-47C5-B662-2DCAE0DAC8FD}.Release|Any CPU.Build.0 = Release|Any CPU
		{1FD6D501-AF1D-491A-99F3-A3236D921F09}.Debug|Any CPU.ActiveCfg = Debug|Any CPU
		{1FD6D501-AF1D-491A-99F3-A3236D921F09}.Debug|Any CPU.Build.0 = Debug|Any CPU
		{1FD6D501-AF1D-491A-99F3-A3236D921F09}.IL2CPP|Any CPU.ActiveCfg = Release|Any CPU
		{1FD6D501-AF1D-491A-99F3-A3236D921F09}.IL2CPP|Any CPU.Build.0 = Release|Any CPU
		{1FD6D501-AF1D-491A-99F3-A3236D921F09}.Release|Any CPU.ActiveCfg = Release|Any CPU
		{1FD6D501-AF1D-491A-99F3-A3236D921F09}.Release|Any CPU.Build.0 = Release|Any CPU
		{084106D7-8538-4F29-BDC9-FE23F367BFCF}.Debug|Any CPU.ActiveCfg = Debug|Any CPU
		{084106D7-8538-4F29-BDC9-FE23F367BFCF}.Debug|Any CPU.Build.0 = Debug|Any CPU
		{084106D7-8538-4F29-BDC9-FE23F367BFCF}.IL2CPP|Any CPU.ActiveCfg = Release|Any CPU
		{084106D7-8538-4F29-BDC9-FE23F367BFCF}.IL2CPP|Any CPU.Build.0 = Release|Any CPU
		{084106D7-8538-4F29-BDC9-FE23F367BFCF}.Release|Any CPU.ActiveCfg = Release|Any CPU
		{084106D7-8538-4F29-BDC9-FE23F367BFCF}.Release|Any CPU.Build.0 = Release|Any CPU
		{429C54EE-16C4-409F-B1F6-2615F3CB3A2B}.Debug|Any CPU.ActiveCfg = Debug|Any CPU
		{429C54EE-16C4-409F-B1F6-2615F3CB3A2B}.Debug|Any CPU.Build.0 = Debug|Any CPU
		{429C54EE-16C4-409F-B1F6-2615F3CB3A2B}.IL2CPP|Any CPU.ActiveCfg = Release|Any CPU
		{429C54EE-16C4-409F-B1F6-2615F3CB3A2B}.IL2CPP|Any CPU.Build.0 = Release|Any CPU
		{429C54EE-16C4-409F-B1F6-2615F3CB3A2B}.Release|Any CPU.ActiveCfg = Release|Any CPU
		{429C54EE-16C4-409F-B1F6-2615F3CB3A2B}.Release|Any CPU.Build.0 = Release|Any CPU
		{03FAA370-D908-4B25-86EA-C5C9E707ECC7}.Debug|Any CPU.ActiveCfg = Debug|Any CPU
		{03FAA370-D908-4B25-86EA-C5C9E707ECC7}.Debug|Any CPU.Build.0 = Debug|Any CPU
		{03FAA370-D908-4B25-86EA-C5C9E707ECC7}.IL2CPP|Any CPU.ActiveCfg = Release|Any CPU
		{03FAA370-D908-4B25-86EA-C5C9E707ECC7}.IL2CPP|Any CPU.Build.0 = Release|Any CPU
		{03FAA370-D908-4B25-86EA-C5C9E707ECC7}.Release|Any CPU.ActiveCfg = Release|Any CPU
		{03FAA370-D908-4B25-86EA-C5C9E707ECC7}.Release|Any CPU.Build.0 = Release|Any CPU
		{DDA1CF75-821F-4481-8DCE-B7FCACF58946}.Debug|Any CPU.ActiveCfg = Debug|Any CPU
		{DDA1CF75-821F-4481-8DCE-B7FCACF58946}.Debug|Any CPU.Build.0 = Debug|Any CPU
		{DDA1CF75-821F-4481-8DCE-B7FCACF58946}.IL2CPP|Any CPU.ActiveCfg = Release|Any CPU
		{DDA1CF75-821F-4481-8DCE-B7FCACF58946}.IL2CPP|Any CPU.Build.0 = Release|Any CPU
		{DDA1CF75-821F-4481-8DCE-B7FCACF58946}.Release|Any CPU.ActiveCfg = Release|Any CPU
		{DDA1CF75-821F-4481-8DCE-B7FCACF58946}.Release|Any CPU.Build.0 = Release|Any CPU
		{BCDC08D2-B23E-409F-943F-352295BFF133}.Debug|Any CPU.ActiveCfg = Debug|Any CPU
		{BCDC08D2-B23E-409F-943F-352295BFF133}.Debug|Any CPU.Build.0 = Debug|Any CPU
		{BCDC08D2-B23E-409F-943F-352295BFF133}.IL2CPP|Any CPU.ActiveCfg = Release|Any CPU
		{BCDC08D2-B23E-409F-943F-352295BFF133}.IL2CPP|Any CPU.Build.0 = Release|Any CPU
		{BCDC08D2-B23E-409F-943F-352295BFF133}.Release|Any CPU.ActiveCfg = Release|Any CPU
		{BCDC08D2-B23E-409F-943F-352295BFF133}.Release|Any CPU.Build.0 = Release|Any CPU
		{9980723A-8B9C-4953-A260-2C31CB145BE2}.Debug|Any CPU.ActiveCfg = Debug|Any CPU
		{9980723A-8B9C-4953-A260-2C31CB145BE2}.Debug|Any CPU.Build.0 = Debug|Any CPU
		{9980723A-8B9C-4953-A260-2C31CB145BE2}.IL2CPP|Any CPU.ActiveCfg = Debug|Any CPU
		{9980723A-8B9C-4953-A260-2C31CB145BE2}.IL2CPP|Any CPU.Build.0 = Debug|Any CPU
		{9980723A-8B9C-4953-A260-2C31CB145BE2}.Release|Any CPU.ActiveCfg = Release|Any CPU
		{9980723A-8B9C-4953-A260-2C31CB145BE2}.Release|Any CPU.Build.0 = Release|Any CPU
		{D44577F2-E3CF-44E7-9D54-270649A08B51}.Debug|Any CPU.ActiveCfg = Debug|Any CPU
		{D44577F2-E3CF-44E7-9D54-270649A08B51}.Debug|Any CPU.Build.0 = Debug|Any CPU
		{D44577F2-E3CF-44E7-9D54-270649A08B51}.IL2CPP|Any CPU.ActiveCfg = Debug|Any CPU
		{D44577F2-E3CF-44E7-9D54-270649A08B51}.IL2CPP|Any CPU.Build.0 = Debug|Any CPU
		{D44577F2-E3CF-44E7-9D54-270649A08B51}.Release|Any CPU.ActiveCfg = Release|Any CPU
		{D44577F2-E3CF-44E7-9D54-270649A08B51}.Release|Any CPU.Build.0 = Release|Any CPU
	EndGlobalSection
	GlobalSection(SolutionProperties) = preSolution
		HideSolutionNode = FALSE
	EndGlobalSection
	GlobalSection(ExtensibilityGlobals) = postSolution
		SolutionGuid = {08D92D82-8B91-489E-B4DF-940ABDDA889E}
	EndGlobalSection
EndGlobal
